
Microsoft Visual Studio Solution File, Format Version 12.00
# Visual Studio Version 16
VisualStudioVersion = 16.0.32802.440
MinimumVisualStudioVersion = 10.0.40219.1
Project("{FAE04EC0-301F-11D3-BF4B-00C04F79EFBC}") = "EmsFullStackApp", "EmsFullStackApp\EmsFullStackApp.csproj", "{02917839-7D83-4ECD-B73E-91D80225FF83}"
	ProjectSection(ProjectDependencies) = postProject
		{D1415F0E-508D-4C4B-9ADC-8C8AFF81C596} = {D1415F0E-508D-4C4B-9ADC-8C8AFF81C596}
		{57FA26B3-2A87-4C6D-A8AC-4209951CA95C} = {57FA26B3-2A87-4C6D-A8AC-4209951CA95C}
	EndProjectSection
EndProject
Project("{FAE04EC0-301F-11D3-BF4B-00C04F79EFBC}") = "BusinessLogicLayer", "BusinessLogicLayer\BusinessLogicLayer.csproj", "{D1415F0E-508D-4C4B-9ADC-8C8AFF81C596}"
EndProject
Project("{FAE04EC0-301F-11D3-BF4B-00C04F79EFBC}") = "DataAccessLayer", "DataAccessLayer\DataAccessLayer.csproj", "{57FA26B3-2A87-4C6D-A8AC-4209951CA95C}"
	ProjectSection(ProjectDependencies) = postProject
		{D1415F0E-508D-4C4B-9ADC-8C8AFF81C596} = {D1415F0E-508D-4C4B-9ADC-8C8AFF81C596}
	EndProjectSection
EndProject
Global
	GlobalSection(SolutionConfigurationPlatforms) = preSolution
		Debug|Any CPU = Debug|Any CPU
		Release|Any CPU = Release|Any CPU
	EndGlobalSection
	GlobalSection(ProjectConfigurationPlatforms) = postSolution
		{02917839-7D83-4ECD-B73E-91D80225FF83}.Debug|Any CPU.ActiveCfg = Debug|Any CPU
		{02917839-7D83-4ECD-B73E-91D80225FF83}.Debug|Any CPU.Build.0 = Debug|Any CPU
		{02917839-7D83-4ECD-B73E-91D80225FF83}.Release|Any CPU.ActiveCfg = Release|Any CPU
		{02917839-7D83-4ECD-B73E-91D80225FF83}.Release|Any CPU.Build.0 = Release|Any CPU
		{D1415F0E-508D-4C4B-9ADC-8C8AFF81C596}.Debug|Any CPU.ActiveCfg = Debug|Any CPU
		{D1415F0E-508D-4C4B-9ADC-8C8AFF81C596}.Debug|Any CPU.Build.0 = Debug|Any CPU
		{D1415F0E-508D-4C4B-9ADC-8C8AFF81C596}.Release|Any CPU.ActiveCfg = Release|Any CPU
		{D1415F0E-508D-4C4B-9ADC-8C8AFF81C596}.Release|Any CPU.Build.0 = Release|Any CPU
		{57FA26B3-2A87-4C6D-A8AC-4209951CA95C}.Debug|Any CPU.ActiveCfg = Debug|Any CPU
		{57FA26B3-2A87-4C6D-A8AC-4209951CA95C}.Debug|Any CPU.Build.0 = Debug|Any CPU
		{57FA26B3-2A87-4C6D-A8AC-4209951CA95C}.Release|Any CPU.ActiveCfg = Release|Any CPU
		{57FA26B3-2A87-4C6D-A8AC-4209951CA95C}.Release|Any CPU.Build.0 = Release|Any CPU
	EndGlobalSection
	GlobalSection(SolutionProperties) = preSolution
		HideSolutionNode = FALSE
	EndGlobalSection
	GlobalSection(ExtensibilityGlobals) = postSolution
		SolutionGuid = {C1429CEE-6C73-43C6-B39D-D41DAEFCD891}
	EndGlobalSection
EndGlobal
