
Microsoft Visual Studio Solution File, Format Version 12.00
# Visual Studio Version 16
VisualStudioVersion = 16.0.32802.440
MinimumVisualStudioVersion = 10.0.40219.1
Project("{FAE04EC0-301F-11D3-BF4B-00C04F79EFBC}") = "CustomerSupportLoggerProject", "CustomerSupportLoggerProject\CustomerSupportLoggerProject.csproj", "{BDE99FD8-70CE-463B-A512-9CA3908F4242}"
EndProject
Global
	GlobalSection(SolutionConfigurationPlatforms) = preSolution
		Debug|Any CPU = Debug|Any CPU
		Release|Any CPU = Release|Any CPU
	EndGlobalSection
	GlobalSection(ProjectConfigurationPlatforms) = postSolution
		{BDE99FD8-70CE-463B-A512-9CA3908F4242}.Debug|Any CPU.ActiveCfg = Debug|Any CPU
		{BDE99FD8-70CE-463B-A512-9CA3908F4242}.Debug|Any CPU.Build.0 = Debug|Any CPU
		{BDE99FD8-70CE-463B-A512-9CA3908F4242}.Release|Any CPU.ActiveCfg = Release|Any CPU
		{BDE99FD8-70CE-463B-A512-9CA3908F4242}.Release|Any CPU.Build.0 = Release|Any CPU
	EndGlobalSection
	GlobalSection(SolutionProperties) = preSolution
		HideSolutionNode = FALSE
	EndGlobalSection
	GlobalSection(ExtensibilityGlobals) = postSolution
		SolutionGuid = {4CECEA95-6A1A-43A4-ADE8-33B778E0C6A4}
	EndGlobalSection
EndGlobal
